
Microsoft Visual Studio Solution File, Format Version 12.00
# Visual Studio Version 17
VisualStudioVersion = 17.0.31903.59
MinimumVisualStudioVersion = 10.0.40219.1
Project("{FAE04EC0-301F-11D3-BF4B-00C04F79EFBC}") = "BuberBreakfast.Contracts", "BuberBreakfast.Contracts\BuberBreakfast.Contracts.csproj", "{97DEAF19-6CBA-4EC0-8F42-87BC3434417B}"
EndProject
Project("{FAE04EC0-301F-11D3-BF4B-00C04F79EFBC}") = "BuberBreakfast", "BuberBreakfast\BuberBreakfast.csproj", "{54FD8A4A-9A19-45E3-8506-FF4267085326}"
EndProject
Global
	GlobalSection(SolutionConfigurationPlatforms) = preSolution
		Debug|Any CPU = Debug|Any CPU
		Release|Any CPU = Release|Any CPU
	EndGlobalSection
	GlobalSection(SolutionProperties) = preSolution
		HideSolutionNode = FALSE
	EndGlobalSection
	GlobalSection(ProjectConfigurationPlatforms) = postSolution
		{97DEAF19-6CBA-4EC0-8F42-87BC3434417B}.Debug|Any CPU.ActiveCfg = Debug|Any CPU
		{97DEAF19-6CBA-4EC0-8F42-87BC3434417B}.Debug|Any CPU.Build.0 = Debug|Any CPU
		{97DEAF19-6CBA-4EC0-8F42-87BC3434417B}.Release|Any CPU.ActiveCfg = Release|Any CPU
		{97DEAF19-6CBA-4EC0-8F42-87BC3434417B}.Release|Any CPU.Build.0 = Release|Any CPU
		{54FD8A4A-9A19-45E3-8506-FF4267085326}.Debug|Any CPU.ActiveCfg = Debug|Any CPU
		{54FD8A4A-9A19-45E3-8506-FF4267085326}.Debug|Any CPU.Build.0 = Debug|Any CPU
		{54FD8A4A-9A19-45E3-8506-FF4267085326}.Release|Any CPU.ActiveCfg = Release|Any CPU
		{54FD8A4A-9A19-45E3-8506-FF4267085326}.Release|Any CPU.Build.0 = Release|Any CPU
	EndGlobalSection
EndGlobal
